
Microsoft Visual Studio Solution File, Format Version 12.00
# Visual Studio Version 16
VisualStudioVersion = 16.0.29418.71
MinimumVisualStudioVersion = 10.0.40219.1
Project("{FAE04EC0-301F-11D3-BF4B-00C04F79EFBC}") = "CSTaroltEljarasAssociation", "CSTaroltEljarasAssociation\CSTaroltEljarasAssociation.csproj", "{13D864C3-5EA0-4A1C-9D0F-EF6560E74496}"
EndProject
Global
	GlobalSection(SolutionConfigurationPlatforms) = preSolution
		Debug|Any CPU = Debug|Any CPU
		Release|Any CPU = Release|Any CPU
	EndGlobalSection
	GlobalSection(ProjectConfigurationPlatforms) = postSolution
		{13D864C3-5EA0-4A1C-9D0F-EF6560E74496}.Debug|Any CPU.ActiveCfg = Debug|Any CPU
		{13D864C3-5EA0-4A1C-9D0F-EF6560E74496}.Debug|Any CPU.Build.0 = Debug|Any CPU
		{13D864C3-5EA0-4A1C-9D0F-EF6560E74496}.Release|Any CPU.ActiveCfg = Release|Any CPU
		{13D864C3-5EA0-4A1C-9D0F-EF6560E74496}.Release|Any CPU.Build.0 = Release|Any CPU
	EndGlobalSection
	GlobalSection(SolutionProperties) = preSolution
		HideSolutionNode = FALSE
	EndGlobalSection
	GlobalSection(ExtensibilityGlobals) = postSolution
		SolutionGuid = {70AB6039-7BD0-4E6A-AAF5-3A83E3867F88}
	EndGlobalSection
EndGlobal
